
Microsoft Visual Studio Solution File, Format Version 12.00
# Visual Studio Version 16
VisualStudioVersion = 16.0.29806.167
MinimumVisualStudioVersion = 10.0.40219.1
Project("{FAE04EC0-301F-11D3-BF4B-00C04F79EFBC}") = "PracticaConjuntosDifusos", "PracticaConjuntosDifusos.csproj", "{0A60228F-3C96-4B87-9953-0B719B603214}"
EndProject
Global
	GlobalSection(SolutionConfigurationPlatforms) = preSolution
		Debug|Any CPU = Debug|Any CPU
		Release|Any CPU = Release|Any CPU
	EndGlobalSection
	GlobalSection(ProjectConfigurationPlatforms) = postSolution
		{0A60228F-3C96-4B87-9953-0B719B603214}.Debug|Any CPU.ActiveCfg = Debug|Any CPU
		{0A60228F-3C96-4B87-9953-0B719B603214}.Debug|Any CPU.Build.0 = Debug|Any CPU
		{0A60228F-3C96-4B87-9953-0B719B603214}.Release|Any CPU.ActiveCfg = Release|Any CPU
		{0A60228F-3C96-4B87-9953-0B719B603214}.Release|Any CPU.Build.0 = Release|Any CPU
	EndGlobalSection
	GlobalSection(SolutionProperties) = preSolution
		HideSolutionNode = FALSE
	EndGlobalSection
	GlobalSection(ExtensibilityGlobals) = postSolution
		SolutionGuid = {D765383A-2B22-4644-B6B6-63718BE3A85E}
	EndGlobalSection
EndGlobal
